
Microsoft Visual Studio Solution File, Format Version 12.00
# Visual Studio Version 17
VisualStudioVersion = 17.0.31903.59
MinimumVisualStudioVersion = 10.0.40219.1
Project("{FAE04EC0-301F-11D3-BF4B-00C04F79EFBC}") = "AutoDiagnosis.App", "AutoDiagnosis.App\AutoDiagnosis.App.csproj", "{0A2076DB-1B9E-4EB3-AA45-B07CA4AA60C3}"
EndProject
Project("{FAE04EC0-301F-11D3-BF4B-00C04F79EFBC}") = "AutoDiagnosis.Application", "AutoDiagnosis.Application\AutoDiagnosis.Application.csproj", "{4189F180-2A1F-4F0F-9725-3867A70EAF14}"
EndProject
Project("{FAE04EC0-301F-11D3-BF4B-00C04F79EFBC}") = "AutoDiagnosis.Domain", "AutoDiagnosis.Domain\AutoDiagnosis.Domain.csproj", "{8FF1DEB5-A9F5-4E29-ADBD-DCAC81BDFFCE}"
EndProject
Project("{FAE04EC0-301F-11D3-BF4B-00C04F79EFBC}") = "AutoDiagnosis.Infrastructure", "AutoDiagnosis.Infrastructure\AutoDiagnosis.Infrastructure.csproj", "{FF5D8194-44BE-412C-A1E3-1B2FB7C65BE0}"
EndProject
Project("{FAE04EC0-301F-11D3-BF4B-00C04F79EFBC}") = "AutoDiagnosis.Runbook", "AutoDiagnosis.Runbook\AutoDiagnosis.Runbook.csproj", "{543269AC-3265-4C07-8DDE-34B10FBE4515}"
EndProject
Global
	GlobalSection(SolutionConfigurationPlatforms) = preSolution
		Debug|Any CPU = Debug|Any CPU
		Debug|x64 = Debug|x64
		Debug|x86 = Debug|x86
		Release|Any CPU = Release|Any CPU
		Release|x64 = Release|x64
		Release|x86 = Release|x86
	EndGlobalSection
	GlobalSection(ProjectConfigurationPlatforms) = postSolution
		{0A2076DB-1B9E-4EB3-AA45-B07CA4AA60C3}.Debug|Any CPU.ActiveCfg = Debug|Any CPU
		{0A2076DB-1B9E-4EB3-AA45-B07CA4AA60C3}.Debug|Any CPU.Build.0 = Debug|Any CPU
		{0A2076DB-1B9E-4EB3-AA45-B07CA4AA60C3}.Debug|x64.ActiveCfg = Debug|Any CPU
		{0A2076DB-1B9E-4EB3-AA45-B07CA4AA60C3}.Debug|x64.Build.0 = Debug|Any CPU
		{0A2076DB-1B9E-4EB3-AA45-B07CA4AA60C3}.Debug|x86.ActiveCfg = Debug|Any CPU
		{0A2076DB-1B9E-4EB3-AA45-B07CA4AA60C3}.Debug|x86.Build.0 = Debug|Any CPU
		{0A2076DB-1B9E-4EB3-AA45-B07CA4AA60C3}.Release|Any CPU.ActiveCfg = Release|Any CPU
		{0A2076DB-1B9E-4EB3-AA45-B07CA4AA60C3}.Release|Any CPU.Build.0 = Release|Any CPU
		{0A2076DB-1B9E-4EB3-AA45-B07CA4AA60C3}.Release|x64.ActiveCfg = Release|Any CPU
		{0A2076DB-1B9E-4EB3-AA45-B07CA4AA60C3}.Release|x64.Build.0 = Release|Any CPU
		{0A2076DB-1B9E-4EB3-AA45-B07CA4AA60C3}.Release|x86.ActiveCfg = Release|Any CPU
		{0A2076DB-1B9E-4EB3-AA45-B07CA4AA60C3}.Release|x86.Build.0 = Release|Any CPU
		{4189F180-2A1F-4F0F-9725-3867A70EAF14}.Debug|Any CPU.ActiveCfg = Debug|Any CPU
		{4189F180-2A1F-4F0F-9725-3867A70EAF14}.Debug|Any CPU.Build.0 = Debug|Any CPU
		{4189F180-2A1F-4F0F-9725-3867A70EAF14}.Debug|x64.ActiveCfg = Debug|Any CPU
		{4189F180-2A1F-4F0F-9725-3867A70EAF14}.Debug|x64.Build.0 = Debug|Any CPU
		{4189F180-2A1F-4F0F-9725-3867A70EAF14}.Debug|x86.ActiveCfg = Debug|Any CPU
		{4189F180-2A1F-4F0F-9725-3867A70EAF14}.Debug|x86.Build.0 = Debug|Any CPU
		{4189F180-2A1F-4F0F-9725-3867A70EAF14}.Release|Any CPU.ActiveCfg = Release|Any CPU
		{4189F180-2A1F-4F0F-9725-3867A70EAF14}.Release|Any CPU.Build.0 = Release|Any CPU
		{4189F180-2A1F-4F0F-9725-3867A70EAF14}.Release|x64.ActiveCfg = Release|Any CPU
		{4189F180-2A1F-4F0F-9725-3867A70EAF14}.Release|x64.Build.0 = Release|Any CPU
		{4189F180-2A1F-4F0F-9725-3867A70EAF14}.Release|x86.ActiveCfg = Release|Any CPU
		{4189F180-2A1F-4F0F-9725-3867A70EAF14}.Release|x86.Build.0 = Release|Any CPU
		{8FF1DEB5-A9F5-4E29-ADBD-DCAC81BDFFCE}.Debug|Any CPU.ActiveCfg = Debug|Any CPU
		{8FF1DEB5-A9F5-4E29-ADBD-DCAC81BDFFCE}.Debug|Any CPU.Build.0 = Debug|Any CPU
		{8FF1DEB5-A9F5-4E29-ADBD-DCAC81BDFFCE}.Debug|x64.ActiveCfg = Debug|Any CPU
		{8FF1DEB5-A9F5-4E29-ADBD-DCAC81BDFFCE}.Debug|x64.Build.0 = Debug|Any CPU
		{8FF1DEB5-A9F5-4E29-ADBD-DCAC81BDFFCE}.Debug|x86.ActiveCfg = Debug|Any CPU
		{8FF1DEB5-A9F5-4E29-ADBD-DCAC81BDFFCE}.Debug|x86.Build.0 = Debug|Any CPU
		{8FF1DEB5-A9F5-4E29-ADBD-DCAC81BDFFCE}.Release|Any CPU.ActiveCfg = Release|Any CPU
		{8FF1DEB5-A9F5-4E29-ADBD-DCAC81BDFFCE}.Release|Any CPU.Build.0 = Release|Any CPU
		{8FF1DEB5-A9F5-4E29-ADBD-DCAC81BDFFCE}.Release|x64.ActiveCfg = Release|Any CPU
		{8FF1DEB5-A9F5-4E29-ADBD-DCAC81BDFFCE}.Release|x64.Build.0 = Release|Any CPU
		{8FF1DEB5-A9F5-4E29-ADBD-DCAC81BDFFCE}.Release|x86.ActiveCfg = Release|Any CPU
		{8FF1DEB5-A9F5-4E29-ADBD-DCAC81BDFFCE}.Release|x86.Build.0 = Release|Any CPU
		{FF5D8194-44BE-412C-A1E3-1B2FB7C65BE0}.Debug|Any CPU.ActiveCfg = Debug|Any CPU
		{FF5D8194-44BE-412C-A1E3-1B2FB7C65BE0}.Debug|Any CPU.Build.0 = Debug|Any CPU
		{FF5D8194-44BE-412C-A1E3-1B2FB7C65BE0}.Debug|x64.ActiveCfg = Debug|Any CPU
		{FF5D8194-44BE-412C-A1E3-1B2FB7C65BE0}.Debug|x64.Build.0 = Debug|Any CPU
		{FF5D8194-44BE-412C-A1E3-1B2FB7C65BE0}.Debug|x86.ActiveCfg = Debug|Any CPU
		{FF5D8194-44BE-412C-A1E3-1B2FB7C65BE0}.Debug|x86.Build.0 = Debug|Any CPU
		{FF5D8194-44BE-412C-A1E3-1B2FB7C65BE0}.Release|Any CPU.ActiveCfg = Release|Any CPU
		{FF5D8194-44BE-412C-A1E3-1B2FB7C65BE0}.Release|Any CPU.Build.0 = Release|Any CPU
		{FF5D8194-44BE-412C-A1E3-1B2FB7C65BE0}.Release|x64.ActiveCfg = Release|Any CPU
		{FF5D8194-44BE-412C-A1E3-1B2FB7C65BE0}.Release|x64.Build.0 = Release|Any CPU
		{FF5D8194-44BE-412C-A1E3-1B2FB7C65BE0}.Release|x86.ActiveCfg = Release|Any CPU
		{FF5D8194-44BE-412C-A1E3-1B2FB7C65BE0}.Release|x86.Build.0 = Release|Any CPU
		{543269AC-3265-4C07-8DDE-34B10FBE4515}.Debug|Any CPU.ActiveCfg = Debug|Any CPU
		{543269AC-3265-4C07-8DDE-34B10FBE4515}.Debug|Any CPU.Build.0 = Debug|Any CPU
		{543269AC-3265-4C07-8DDE-34B10FBE4515}.Debug|x64.ActiveCfg = Debug|Any CPU
		{543269AC-3265-4C07-8DDE-34B10FBE4515}.Debug|x64.Build.0 = Debug|Any CPU
		{543269AC-3265-4C07-8DDE-34B10FBE4515}.Debug|x86.ActiveCfg = Debug|Any CPU
		{543269AC-3265-4C07-8DDE-34B10FBE4515}.Debug|x86.Build.0 = Debug|Any CPU
		{543269AC-3265-4C07-8DDE-34B10FBE4515}.Release|Any CPU.ActiveCfg = Release|Any CPU
		{543269AC-3265-4C07-8DDE-34B10FBE4515}.Release|Any CPU.Build.0 = Release|Any CPU
		{543269AC-3265-4C07-8DDE-34B10FBE4515}.Release|x64.ActiveCfg = Release|Any CPU
		{543269AC-3265-4C07-8DDE-34B10FBE4515}.Release|x64.Build.0 = Release|Any CPU
		{543269AC-3265-4C07-8DDE-34B10FBE4515}.Release|x86.ActiveCfg = Release|Any CPU
		{543269AC-3265-4C07-8DDE-34B10FBE4515}.Release|x86.Build.0 = Release|Any CPU
	EndGlobalSection
	GlobalSection(SolutionProperties) = preSolution
		HideSolutionNode = FALSE
	EndGlobalSection
EndGlobal
